
Microsoft Visual Studio Solution File, Format Version 12.00
# Visual Studio 15
VisualStudioVersion = 15.0.27703.2047
MinimumVisualStudioVersion = 10.0.40219.1
Project("{2150E333-8FDC-42A3-9474-1A3956D46DE8}") = "0 - Presentation", "0 - Presentation", "{2DA70C3B-2558-4AA7-A998-3B29AB8C2BA1}"
EndProject
Project("{2150E333-8FDC-42A3-9474-1A3956D46DE8}") = "1 - Services", "1 - Services", "{6AA64413-921E-4701-89F7-F20BF39D3150}"
EndProject
Project("{2150E333-8FDC-42A3-9474-1A3956D46DE8}") = "2 - Application", "2 - Application", "{ECAF6364-4DBD-4572-BEFA-C640A3A0273F}"
EndProject
Project("{2150E333-8FDC-42A3-9474-1A3956D46DE8}") = "3 - Domain", "3 - Domain", "{53BA6AC2-CB71-4D41-B0C2-4DE7843FF85E}"
EndProject
Project("{2150E333-8FDC-42A3-9474-1A3956D46DE8}") = "4 - Infraestructure", "4 - Infraestructure", "{13A37D2D-87D7-4D19-A351-08666DDD5580}"
EndProject
Project("{FAE04EC0-301F-11D3-BF4B-00C04F79EFBC}") = "AppService.Domain", "Projeto 1\AppService.Domain.csproj", "{52146AA9-F6AE-41BE-A95F-25FEE837B709}"
EndProject
Global
	GlobalSection(SolutionConfigurationPlatforms) = preSolution
		Debug|Any CPU = Debug|Any CPU
		Release|Any CPU = Release|Any CPU
	EndGlobalSection
	GlobalSection(ProjectConfigurationPlatforms) = postSolution
		{52146AA9-F6AE-41BE-A95F-25FEE837B709}.Debug|Any CPU.ActiveCfg = Debug|Any CPU
		{52146AA9-F6AE-41BE-A95F-25FEE837B709}.Debug|Any CPU.Build.0 = Debug|Any CPU
		{52146AA9-F6AE-41BE-A95F-25FEE837B709}.Release|Any CPU.ActiveCfg = Release|Any CPU
		{52146AA9-F6AE-41BE-A95F-25FEE837B709}.Release|Any CPU.Build.0 = Release|Any CPU
	EndGlobalSection
	GlobalSection(SolutionProperties) = preSolution
		HideSolutionNode = FALSE
	EndGlobalSection
	GlobalSection(NestedProjects) = preSolution
		{52146AA9-F6AE-41BE-A95F-25FEE837B709} = {53BA6AC2-CB71-4D41-B0C2-4DE7843FF85E}
	EndGlobalSection
	GlobalSection(ExtensibilityGlobals) = postSolution
		SolutionGuid = {67B1272F-9B59-4D00-A2C5-CB377181E6EB}
	EndGlobalSection
EndGlobal
